
Microsoft Visual Studio Solution File, Format Version 12.00
# Visual Studio 15
VisualStudioVersion = 15.0.28307.645
MinimumVisualStudioVersion = 10.0.40219.1
Project("{888888A0-9F3D-457C-B088-3A5042F75D52}") = "func_arg", "func_arg\func_arg.pyproj", "{B7C55262-28B2-4AD4-A219-8A238E464B3E}"
EndProject
Global
	GlobalSection(SolutionConfigurationPlatforms) = preSolution
		Debug|Any CPU = Debug|Any CPU
		Release|Any CPU = Release|Any CPU
	EndGlobalSection
	GlobalSection(ProjectConfigurationPlatforms) = postSolution
		{B7C55262-28B2-4AD4-A219-8A238E464B3E}.Debug|Any CPU.ActiveCfg = Debug|Any CPU
		{B7C55262-28B2-4AD4-A219-8A238E464B3E}.Release|Any CPU.ActiveCfg = Release|Any CPU
	EndGlobalSection
	GlobalSection(SolutionProperties) = preSolution
		HideSolutionNode = FALSE
	EndGlobalSection
	GlobalSection(ExtensibilityGlobals) = postSolution
		SolutionGuid = {245DA8DD-94C0-4E4E-AFB6-5868ADEA1BCE}
	EndGlobalSection
EndGlobal
