
Microsoft Visual Studio Solution File, Format Version 12.00
# Visual Studio 15
VisualStudioVersion = 15.0.28307.645
MinimumVisualStudioVersion = 10.0.40219.1
Project("{888888A0-9F3D-457C-B088-3A5042F75D52}") = "functin1", "functin1\functin1.pyproj", "{6238C2DE-AF90-4A8E-B667-0B7A036EEA63}"
EndProject
Global
	GlobalSection(SolutionConfigurationPlatforms) = preSolution
		Debug|Any CPU = Debug|Any CPU
		Release|Any CPU = Release|Any CPU
	EndGlobalSection
	GlobalSection(ProjectConfigurationPlatforms) = postSolution
		{6238C2DE-AF90-4A8E-B667-0B7A036EEA63}.Debug|Any CPU.ActiveCfg = Debug|Any CPU
		{6238C2DE-AF90-4A8E-B667-0B7A036EEA63}.Release|Any CPU.ActiveCfg = Release|Any CPU
	EndGlobalSection
	GlobalSection(SolutionProperties) = preSolution
		HideSolutionNode = FALSE
	EndGlobalSection
	GlobalSection(ExtensibilityGlobals) = postSolution
		SolutionGuid = {507F9A46-EA0D-498B-8D10-19133573EC44}
	EndGlobalSection
EndGlobal
