
Microsoft Visual Studio Solution File, Format Version 12.00
# Visual Studio 15
VisualStudioVersion = 15.0.28307.645
MinimumVisualStudioVersion = 10.0.40219.1
Project("{888888A0-9F3D-457C-B088-3A5042F75D52}") = "euler_1", "euler_1\euler_1.pyproj", "{DB59FC6B-5021-469F-8C8C-886DC322793D}"
EndProject
Global
	GlobalSection(SolutionConfigurationPlatforms) = preSolution
		Debug|Any CPU = Debug|Any CPU
		Release|Any CPU = Release|Any CPU
	EndGlobalSection
	GlobalSection(ProjectConfigurationPlatforms) = postSolution
		{DB59FC6B-5021-469F-8C8C-886DC322793D}.Debug|Any CPU.ActiveCfg = Debug|Any CPU
		{DB59FC6B-5021-469F-8C8C-886DC322793D}.Release|Any CPU.ActiveCfg = Release|Any CPU
	EndGlobalSection
	GlobalSection(SolutionProperties) = preSolution
		HideSolutionNode = FALSE
	EndGlobalSection
	GlobalSection(ExtensibilityGlobals) = postSolution
		SolutionGuid = {99903CA1-9A79-41A6-BB60-E27ECCBDB050}
	EndGlobalSection
EndGlobal
